<?xml version="1.0" encoding="utf-8"?>
<Project xmlns="http://schemas.microsoft.com/developer/msbuild/2003">
  <ItemGroup>
    <Filter Include="Form Files">
      <UniqueIdentifier>{99349809-55BA-4b9d-BF79-8FDBB0286EB3}</UniqueIdentifier>
      <Extensions>ui</Extensions>
      <ParseFiles>false</ParseFiles>
    </Filter>
    <Filter Include="Form Files">
      <UniqueIdentifier>{99349809-55BA-4b9d-BF79-8FDBB0286EB3}</UniqueIdentifier>
      <Extensions>ui</Extensions>
      <ParseFiles>false</ParseFiles>
    </Filter>
    <Filter Include="Generated Files">
      <UniqueIdentifier>{71ED8ED8-ACB9-4CE9-BBE1-E00B30144E11}</UniqueIdentifier>
      <Extensions>cpp;c;cxx;moc;h;def;odl;idl;res;</Extensions>
    </Filter>
    <Filter Include="Generated Files">
      <UniqueIdentifier>{71ED8ED8-ACB9-4CE9-BBE1-E00B30144E11}</UniqueIdentifier>
      <Extensions>cpp;c;cxx;moc;h;def;odl;idl;res;</Extensions>
    </Filter>
    <Filter Include="Header Files">
      <UniqueIdentifier>{93995380-89BD-4b04-88EB-625FBE52EBFB}</UniqueIdentifier>
      <Extensions>h;hpp;hxx;hm;inl;inc;xsd</Extensions>
    </Filter>
    <Filter Include="Header Files">
      <UniqueIdentifier>{93995380-89BD-4b04-88EB-625FBE52EBFB}</UniqueIdentifier>
      <Extensions>h;hpp;hxx;hm;inl;inc;xsd</Extensions>
    </Filter>
    <Filter Include="Resource Files">
      <UniqueIdentifier>{D9D6E242-F8AF-46E4-B9FD-80ECBC20BA3E}</UniqueIdentifier>
      <Extensions>qrc;*</Extensions>
      <ParseFiles>false</ParseFiles>
    </Filter>
    <Filter Include="Resource Files">
      <UniqueIdentifier>{D9D6E242-F8AF-46E4-B9FD-80ECBC20BA3E}</UniqueIdentifier>
      <Extensions>qrc;*</Extensions>
      <ParseFiles>false</ParseFiles>
    </Filter>
    <Filter Include="Source Files">
      <UniqueIdentifier>{4FC737F1-C7A5-4376-A066-2A32D752A2FF}</UniqueIdentifier>
      <Extensions>cpp;c;cxx;def;odl;idl;hpj;bat;asm;asmx</Extensions>
    </Filter>
    <Filter Include="Source Files">
      <UniqueIdentifier>{4FC737F1-C7A5-4376-A066-2A32D752A2FF}</UniqueIdentifier>
      <Extensions>cpp;c;cxx;def;odl;idl;hpj;bat;asm;asmx</Extensions>
    </Filter>
    <Filter Include="Translation Files">
      <UniqueIdentifier>{639EADAA-A684-42e4-A9AD-28FC9BCB8F7C}</UniqueIdentifier>
      <Extensions>ts;xlf</Extensions>
      <ParseFiles>false</ParseFiles>
    </Filter>
    <Filter Include="Translation Files">
      <UniqueIdentifier>{639EADAA-A684-42e4-A9AD-28FC9BCB8F7C}</UniqueIdentifier>
      <Extensions>ts;xlf</Extensions>
      <ParseFiles>false</ParseFiles>
    </Filter>
  </ItemGroup>
  <ItemGroup>
    <ClCompile Include="CmpareMode.cpp">
      <Filter>Source Files</Filter>
    </ClCompile>
    <ClCompile Include="Encode.cpp">
      <Filter>Source Files</Filter>
    </ClCompile>
    <ClCompile Include="MediatorDisplay.cpp">
      <Filter>Source Files</Filter>
    </ClCompile>
    <ClCompile Include="MediatorFileTree.cpp">
      <Filter>Source Files</Filter>
    </ClCompile>
    <ClCompile Include="QTreeWidgetSortItem.cpp">
      <Filter>Source Files</Filter>
    </ClCompile>
    <ClCompile Include="RcTreeWidget.cpp">
      <Filter>Source Files</Filter>
    </ClCompile>
    <ClCompile Include="aboutndd.cpp">
      <Filter>Source Files</Filter>
    </ClCompile>
    <ClCompile Include="cceditor\ccnotepad.cpp">
      <Filter>Source Files</Filter>
    </ClCompile>
    <ClCompile Include="closeDlg.cpp">
      <Filter>Source Files</Filter>
    </ClCompile>
    <ClCompile Include="columnedit.cpp">
      <Filter>Source Files</Filter>
    </ClCompile>
    <ClCompile Include="command.cpp">
      <Filter>Source Files</Filter>
    </ClCompile>
    <ClCompile Include="common.cpp">
      <Filter>Source Files</Filter>
    </ClCompile>
    <ClCompile Include="ctipwin.cpp">
      <Filter>Source Files</Filter>
    </ClCompile>
    <ClCompile Include="dirfindfile.cpp">
      <Filter>Source Files</Filter>
    </ClCompile>
    <ClCompile Include="doctypelistview.cpp">
      <Filter>Source Files</Filter>
    </ClCompile>
    <ClCompile Include="donate.cpp">
      <Filter>Source Files</Filter>
    </ClCompile>
    <ClCompile Include="draglineedit.cpp">
      <Filter>Source Files</Filter>
    </ClCompile>
    <ClCompile Include="encodeconvert.cpp">
      <Filter>Source Files</Filter>
    </ClCompile>
    <ClCompile Include="extLexermanager.cpp">
      <Filter>Source Files</Filter>
    </ClCompile>
    <ClCompile Include="filecmprulewin.cpp">
      <Filter>Source Files</Filter>
    </ClCompile>
    <ClCompile Include="cceditor\filemanager.cpp">
      <Filter>Source Files</Filter>
    </ClCompile>
    <ClCompile Include="findcmpwin.cpp">
      <Filter>Source Files</Filter>
    </ClCompile>
    <ClCompile Include="findresultwin.cpp">
      <Filter>Source Files</Filter>
    </ClCompile>
    <ClCompile Include="findwin.cpp">
      <Filter>Source Files</Filter>
    </ClCompile>
    <ClCompile Include="gotolinewin.cpp">
      <Filter>Source Files</Filter>
    </ClCompile>
    <ClCompile Include="hexcmprangewin.cpp">
      <Filter>Source Files</Filter>
    </ClCompile>
    <ClCompile Include="hexfilegoto.cpp">
      <Filter>Source Files</Filter>
    </ClCompile>
    <ClCompile Include="hexrulewin.cpp">
      <Filter>Source Files</Filter>
    </ClCompile>
    <ClCompile Include="langstyledefine.cpp">
      <Filter>Source Files</Filter>
    </ClCompile>
    <ClCompile Include="main.cpp">
      <Filter>Source Files</Filter>
    </ClCompile>
    <ClCompile Include="mytreeview.cpp">
      <Filter>Source Files</Filter>
    </ClCompile>
    <ClCompile Include="nddsetting.cpp">
      <Filter>Source Files</Filter>
    </ClCompile>
    <ClCompile Include="ndstyleditemdelegate.cpp">
      <Filter>Source Files</Filter>
    </ClCompile>
    <ClCompile Include="optionsview.cpp">
      <Filter>Source Files</Filter>
    </ClCompile>
    <ClCompile Include="progresswin.cpp">
      <Filter>Source Files</Filter>
    </ClCompile>
    <ClCompile Include="qscidisplaywindow.cpp">
      <Filter>Source Files</Filter>
    </ClCompile>
    <ClCompile Include="qtlangset.cpp">
      <Filter>Source Files</Filter>
    </ClCompile>
    <ClCompile Include="rcglobal.cpp">
      <Filter>Source Files</Filter>
    </ClCompile>
    <ClCompile Include="renamewin.cpp">
      <Filter>Source Files</Filter>
    </ClCompile>
    <ClCompile Include="scintillaeditview.cpp">
      <Filter>Source Files</Filter>
    </ClCompile>
    <ClCompile Include="scintillahexeditview.cpp">
      <Filter>Source Files</Filter>
    </ClCompile>
    <ClCompile Include="statuswidget.cpp">
      <Filter>Source Files</Filter>
    </ClCompile>
    <ClCompile Include="styleset.cpp">
      <Filter>Source Files</Filter>
    </ClCompile>
    <ClCompile Include="texteditsetwin.cpp">
      <Filter>Source Files</Filter>
    </ClCompile>
    <ClCompile Include="textfind.cpp">
      <Filter>Source Files</Filter>
    </ClCompile>
    <ClCompile Include="userlexdef.cpp">
      <Filter>Source Files</Filter>
    </ClCompile>
  </ItemGroup>
  <ItemGroup>
    <QtMoc Include="CmpareMode.h">
      <Filter>Header Files</Filter>
    </QtMoc>
    <ClInclude Include="Encode.h">
      <Filter>Header Files</Filter>
    </ClInclude>
    <QtMoc Include="MediatorDisplay.h">
      <Filter>Header Files</Filter>
    </QtMoc>
    <QtMoc Include="MediatorFileTree.h">
      <Filter>Header Files</Filter>
    </QtMoc>
    <ClInclude Include="QTreeWidgetSortItem.h">
      <Filter>Header Files</Filter>
    </ClInclude>
    <ClInclude Include="RcTreeWidget.h">
      <Filter>Header Files</Filter>
    </ClInclude>
    <ClInclude Include="Sorters.h">
      <Filter>Header Files</Filter>
    </ClInclude>
    <ClInclude Include="StrategyCompare.h">
      <Filter>Header Files</Filter>
    </ClInclude>
    <QtMoc Include="aboutndd.h">
      <Filter>Header Files</Filter>
    </QtMoc>
    <QtMoc Include="cceditor\ccnotepad.h">
      <Filter>Header Files</Filter>
    </QtMoc>
    <QtMoc Include="closeDlg.h">
      <Filter>Header Files</Filter>
    </QtMoc>
    <QtMoc Include="columnedit.h">
      <Filter>Header Files</Filter>
    </QtMoc>
    <ClInclude Include="command.h">
      <Filter>Header Files</Filter>
    </ClInclude>
    <ClInclude Include="common.h">
      <Filter>Header Files</Filter>
    </ClInclude>
    <QtMoc Include="ctipwin.h">
      <Filter>Header Files</Filter>
    </QtMoc>
    <ClInclude Include="diff.h">
      <Filter>Header Files</Filter>
    </ClInclude>
    <QtMoc Include="dirfindfile.h">
      <Filter>Header Files</Filter>
    </QtMoc>
    <QtMoc Include="doctypelistview.h">
      <Filter>Header Files</Filter>
    </QtMoc>
    <QtMoc Include="donate.h">
      <Filter>Header Files</Filter>
    </QtMoc>
    <QtMoc Include="draglineedit.h">
      <Filter>Header Files</Filter>
    </QtMoc>
    <QtMoc Include="encodeconvert.h">
      <Filter>Header Files</Filter>
    </QtMoc>
    <ClInclude Include="extlexermanager.h">
      <Filter>Header Files</Filter>
    </ClInclude>
    <QtMoc Include="filecmprulewin.h">
      <Filter>Header Files</Filter>
    </QtMoc>
    <QtMoc Include="cceditor\filemanager.h">
      <Filter>Header Files</Filter>
    </QtMoc>
    <QtMoc Include="findcmpwin.h">
      <Filter>Header Files</Filter>
    </QtMoc>
    <QtMoc Include="findresultwin.h">
      <Filter>Header Files</Filter>
    </QtMoc>
    <QtMoc Include="findwin.h">
      <Filter>Header Files</Filter>
    </QtMoc>
    <QtMoc Include="gotolinewin.h">
      <Filter>Header Files</Filter>
    </QtMoc>
    <QtMoc Include="hexcmprangewin.h">
      <Filter>Header Files</Filter>
    </QtMoc>
    <QtMoc Include="hexfilegoto.h">
      <Filter>Header Files</Filter>
    </QtMoc>
    <QtMoc Include="hexrulewin.h">
      <Filter>Header Files</Filter>
    </QtMoc>
    <QtMoc Include="langstyledefine.h">
      <Filter>Header Files</Filter>
    </QtMoc>
    <ClInclude Include="mytreeview.h">
      <Filter>Header Files</Filter>
    </ClInclude>
    <ClInclude Include="nddsetting.h">
      <Filter>Header Files</Filter>
    </ClInclude>
    <QtMoc Include="ndstyleditemdelegate.h">
      <Filter>Header Files</Filter>
    </QtMoc>
    <QtMoc Include="optionsview.h">
      <Filter>Header Files</Filter>
    </QtMoc>
    <QtMoc Include="progresswin.h">
      <Filter>Header Files</Filter>
    </QtMoc>
    <QtMoc Include="qscidisplaywindow.h">
      <Filter>Header Files</Filter>
    </QtMoc>
    <QtMoc Include="qtlangset.h">
      <Filter>Header Files</Filter>
    </QtMoc>
    <ClInclude Include="rcglobal.h">
      <Filter>Header Files</Filter>
    </ClInclude>
    <QtMoc Include="renamewin.h">
      <Filter>Header Files</Filter>
    </QtMoc>
    <ClInclude Include="replacecommand.h">
      <Filter>Header Files</Filter>
    </ClInclude>
    <ClInclude Include="resource.h">
      <Filter>Header Files</Filter>
    </ClInclude>
    <ClInclude Include="rgba_icons.h">
      <Filter>Header Files</Filter>
    </ClInclude>
    <QtMoc Include="scintillaeditview.h">
      <Filter>Header Files</Filter>
    </QtMoc>
    <QtMoc Include="scintillahexeditview.h">
      <Filter>Header Files</Filter>
    </QtMoc>
    <QtMoc Include="statuswidget.h">
      <Filter>Header Files</Filter>
    </QtMoc>
    <ClInclude Include="styleset.h">
      <Filter>Header Files</Filter>
    </ClInclude>
    <QtMoc Include="texteditsetwin.h">
      <Filter>Header Files</Filter>
    </QtMoc>
    <QtMoc Include="textfind.h">
      <Filter>Header Files</Filter>
    </QtMoc>
    
    
    
    
    
    
    
    
    
    
    
    
    
    
    
    
    
    
    
    
    
    
    
    
    
    <ClInclude Include="userlexdef.h">
      <Filter>Header Files</Filter>
    </ClInclude>
  </ItemGroup>
  <ItemGroup>
    
    
    
    
    
    
    
    
    
    
    
    
    
    
    
    
    
    
    
    
    
    
    
    
    
    
    
    
    
    
    
    
    
    
    
    
    
    
    
    
    
    
    
    
    
    
    
    
    
    
    <CustomBuild Include="debug\moc_predefs.h.cbt">
      <Filter>Generated Files</Filter>
    </CustomBuild>
    <CustomBuild Include="release\moc_predefs.h.cbt">
      <Filter>Generated Files</Filter>
    </CustomBuild>
    
    
    
    
    
    
    
    
    
    
    
    
    
    
    
    
    
    
    
    
    
    
    
    
    
    
    
    
    
    
    
    
    
    
    
    
    
    
    
    
    
    
    
    
    
  </ItemGroup>
  <ItemGroup>
    <None Include="realcompare_zh.ts">
      <Filter>Translation Files</Filter>
    </None>
  </ItemGroup>
  <ItemGroup>
    <QtUic Include="aboutndd.ui">
      <Filter>Form Files</Filter>
    </QtUic>
    <QtUic Include="cceditor\ccnotepad.ui">
      <Filter>Form Files</Filter>
    </QtUic>
    <QtUic Include="closeDlg.ui">
      <Filter>Form Files</Filter>
    </QtUic>
    <QtUic Include="columnedit.ui">
      <Filter>Form Files</Filter>
    </QtUic>
    <QtUic Include="ctipwin.ui">
      <Filter>Form Files</Filter>
    </QtUic>
    <QtUic Include="dirfindfile.ui">
      <Filter>Form Files</Filter>
    </QtUic>
    <QtUic Include="doctypelistview.ui">
      <Filter>Form Files</Filter>
    </QtUic>
    <QtUic Include="donate.ui">
      <Filter>Form Files</Filter>
    </QtUic>
    <QtUic Include="encodeconvert.ui">
      <Filter>Form Files</Filter>
    </QtUic>
    <QtUic Include="filecmprulewin.ui">
      <Filter>Form Files</Filter>
    </QtUic>
    <QtUic Include="findcmpwin.ui">
      <Filter>Form Files</Filter>
    </QtUic>
    <QtUic Include="findresultwin.ui">
      <Filter>Form Files</Filter>
    </QtUic>
    <QtUic Include="findwin.ui">
      <Filter>Form Files</Filter>
    </QtUic>
    <QtUic Include="gotolinewin.ui">
      <Filter>Form Files</Filter>
    </QtUic>
    <QtUic Include="hexcmprangewin.ui">
      <Filter>Form Files</Filter>
    </QtUic>
    <QtUic Include="hexfilegoto.ui">
      <Filter>Form Files</Filter>
    </QtUic>
    <QtUic Include="hexrulewin.ui">
      <Filter>Form Files</Filter>
    </QtUic>
    <QtUic Include="langstyledefine.ui">
      <Filter>Form Files</Filter>
    </QtUic>
    <QtUic Include="optionsview.ui">
      <Filter>Form Files</Filter>
    </QtUic>
    <QtUic Include="progresswin.ui">
      <Filter>Form Files</Filter>
    </QtUic>
    <QtUic Include="qtlangset.ui">
      <Filter>Form Files</Filter>
    </QtUic>
    <QtUic Include="renamewin.ui">
      <Filter>Form Files</Filter>
    </QtUic>
    <QtUic Include="statuswidget.ui">
      <Filter>Form Files</Filter>
    </QtUic>
    <QtUic Include="texteditsetwin.ui">
      <Filter>Form Files</Filter>
    </QtUic>
    <QtUic Include="textfind.ui">
      <Filter>Form Files</Filter>
    </QtUic>
  </ItemGroup>
  <ItemGroup>
    <None Include="Resources\img\1.png">
      <Filter>Resource Files</Filter>
    </None>
    <None Include="Resources\img\2.png">
      <Filter>Resource Files</Filter>
    </None>
    <None Include="Resources\img\3.png">
      <Filter>Resource Files</Filter>
    </None>
    <None Include="Resources\img\4.png">
      <Filter>Resource Files</Filter>
    </None>
    <None Include="Resources\img\5.png">
      <Filter>Resource Files</Filter>
    </None>
    <None Include="Resources\img\6.png">
      <Filter>Resource Files</Filter>
    </None>
    <None Include="Resources\img\6688.png">
      <Filter>Resource Files</Filter>
    </None>
    <QtRcc Include="RealCompare.qrc">
      <Filter>Resource Files</Filter>
    </QtRcc>
    <None Include="qss\lightblue\add_bottom.png">
      <Filter>Resource Files</Filter>
    </None>
    <None Include="qss\psblack\add_bottom.png">
      <Filter>Resource Files</Filter>
    </None>
    <None Include="qss\psblack\add_left.png">
      <Filter>Resource Files</Filter>
    </None>
    <None Include="qss\psblack\add_right.png">
      <Filter>Resource Files</Filter>
    </None>
    <None Include="qss\lightblue\add_top.png">
      <Filter>Resource Files</Filter>
    </None>
    <None Include="qss\psblack\add_top.png">
      <Filter>Resource Files</Filter>
    </None>
    <None Include="Resources\img\all.png">
      <Filter>Resource Files</Filter>
    </None>
    <None Include="qss\lightblue\arrow_bottom.png">
      <Filter>Resource Files</Filter>
    </None>
    <None Include="Resources\edit\styledark\autosave.png">
      <Filter>Resource Files</Filter>
    </None>
    <None Include="Resources\edit\styledeepblue\autosave.png">
      <Filter>Resource Files</Filter>
    </None>
    <None Include="notepad\autosave.png">
      <Filter>Resource Files</Filter>
    </None>
    <None Include="Resources\img\bin.png">
      <Filter>Resource Files</Filter>
    </None>
    <None Include="Resources\edit\styledark\bincmp.png">
      <Filter>Resource Files</Filter>
    </None>
    <None Include="Resources\edit\styledeepblue\bincmp.png">
      <Filter>Resource Files</Filter>
    </None>
    <None Include="qss\black.qss">
      <Filter>Resource Files</Filter>
    </None>
    <None Include="Resources\img\bookmark.png">
      <Filter>Resource Files</Filter>
    </None>
    <None Include="qss\psblack\branch_close.png">
      <Filter>Resource Files</Filter>
    </None>
    <None Include="qss\psblack\branch_open.png">
      <Filter>Resource Files</Filter>
    </None>
    <None Include="Resources\img\break.png">
      <Filter>Resource Files</Filter>
    </None>
    <None Include="qss\psblack\calendar_nextmonth.png">
      <Filter>Resource Files</Filter>
    </None>
    <None Include="qss\psblack\calendar_prevmonth.png">
      <Filter>Resource Files</Filter>
    </None>
    <None Include="qss\psblack\checkbox_checked.png">
      <Filter>Resource Files</Filter>
    </None>
    <None Include="qss\psblack\checkbox_checked_disable.png">
      <Filter>Resource Files</Filter>
    </None>
    <None Include="qss\psblack\checkbox_parcial.png">
      <Filter>Resource Files</Filter>
    </None>
    <None Include="qss\psblack\checkbox_parcial_disable.png">
      <Filter>Resource Files</Filter>
    </None>
    <None Include="qss\psblack\checkbox_unchecked.png">
      <Filter>Resource Files</Filter>
    </None>
    <None Include="qss\psblack\checkbox_unchecked_disable.png">
      <Filter>Resource Files</Filter>
    </None>
    <None Include="Resources\img\clear.png">
      <Filter>Resource Files</Filter>
    </None>
    <None Include="Resources\edit\styledark\clearsign.png">
      <Filter>Resource Files</Filter>
    </None>
    <None Include="Resources\edit\styledeepblue\clearsign.png">
      <Filter>Resource Files</Filter>
    </None>
    <None Include="notepad\clearsign.png">
      <Filter>Resource Files</Filter>
    </None>
    <None Include="Resources\edit\global\close.png">
      <Filter>Resource Files</Filter>
    </None>
    <None Include="notepad\close.png">
      <Filter>Resource Files</Filter>
    </None>
    <None Include="notepad\closeAll.png">
      <Filter>Resource Files</Filter>
    </None>
    <None Include="notepad\closeFile.png">
      <Filter>Resource Files</Filter>
    </None>
    <None Include="notepad\closeTabButton.png">
      <Filter>Resource Files</Filter>
    </None>
    <None Include="notepad\closeTabButton_hover.png">
      <Filter>Resource Files</Filter>
    </None>
    <None Include="notepad\closeTabButton_inact.png">
      <Filter>Resource Files</Filter>
    </None>
    <None Include="notepad\closeTabButton_push.png">
      <Filter>Resource Files</Filter>
    </None>
    <None Include="Resources\edit\styledark\closeall.png">
      <Filter>Resource Files</Filter>
    </None>
    <None Include="Resources\edit\styledeepblue\closeall.png">
      <Filter>Resource Files</Filter>
    </None>
    <None Include="Resources\edit\styledark\closefile.png">
      <Filter>Resource Files</Filter>
    </None>
    <None Include="Resources\edit\styledeepblue\closefile.png">
      <Filter>Resource Files</Filter>
    </None>
    <None Include="Resources\edit\global\closehover.png">
      <Filter>Resource Files</Filter>
    </None>
    <None Include="notepad\closehover.png">
      <Filter>Resource Files</Filter>
    </None>
    <None Include="notepad\cmpbin.png">
      <Filter>Resource Files</Filter>
    </None>
    <None Include="notepad\cmpdir.png">
      <Filter>Resource Files</Filter>
    </None>
    <None Include="notepad\cmpfile.png">
      <Filter>Resource Files</Filter>
    </None>
    <None Include="notepad\cmpfile1.png">
      <Filter>Resource Files</Filter>
    </None>
    <None Include="Resources\edit\styledark\copy.png">
      <Filter>Resource Files</Filter>
    </None>
    <None Include="Resources\edit\styledeepblue\copy.png">
      <Filter>Resource Files</Filter>
    </None>
    <None Include="notepad\copy.png">
      <Filter>Resource Files</Filter>
    </None>
    <None Include="Resources\edit\styledark\crlf.png">
      <Filter>Resource Files</Filter>
    </None>
    <None Include="Resources\edit\styledeepblue\crlf.png">
      <Filter>Resource Files</Filter>
    </None>
    <None Include="Resources\edit\styledark\cut.png">
      <Filter>Resource Files</Filter>
    </None>
    <None Include="Resources\edit\styledeepblue\cut.png">
      <Filter>Resource Files</Filter>
    </None>
    <None Include="notepad\cut.png">
      <Filter>Resource Files</Filter>
    </None>
    <None Include="Resources\img\diff.png">
      <Filter>Resource Files</Filter>
    </None>
    <None Include="Resources\img\diff1.png">
      <Filter>Resource Files</Filter>
    </None>
    <None Include="Resources\img\diffall.png">
      <Filter>Resource Files</Filter>
    </None>
    <None Include="Resources\img\dir.png">
      <Filter>Resource Files</Filter>
    </None>
    <None Include="Resources\edit\styledark\dircompare.png">
      <Filter>Resource Files</Filter>
    </None>
    <None Include="Resources\edit\styledeepblue\dircompare.png">
      <Filter>Resource Files</Filter>
    </None>
    <None Include="notepad\ecg.png">
      <Filter>Resource Files</Filter>
    </None>
    <None Include="Resources\img\expand.png">
      <Filter>Resource Files</Filter>
    </None>
    <None Include="Resources\img\file.png">
      <Filter>Resource Files</Filter>
    </None>
    <None Include="Resources\edit\styledark\filecompare.png">
      <Filter>Resource Files</Filter>
    </None>
    <None Include="Resources\edit\styledeepblue\filecompare.png">
      <Filter>Resource Files</Filter>
    </None>
    <None Include="Resources\edit\styledark\find.png">
      <Filter>Resource Files</Filter>
    </None>
    <None Include="Resources\edit\styledeepblue\find.png">
      <Filter>Resource Files</Filter>
    </None>
    <None Include="notepad\find.png">
      <Filter>Resource Files</Filter>
    </None>
    <None Include="notepad\findReplace.png">
      <Filter>Resource Files</Filter>
    </None>
    <None Include="Resources\img\fold.png">
      <Filter>Resource Files</Filter>
    </None>
    <None Include="notepad\go.png">
      <Filter>Resource Files</Filter>
    </None>
    <None Include="Resources\edit\styledark\goto.png">
      <Filter>Resource Files</Filter>
    </None>
    <None Include="Resources\edit\styledeepblue\goto.png">
      <Filter>Resource Files</Filter>
    </None>
    <None Include="Resources\img\hidechar.png">
      <Filter>Resource Files</Filter>
    </None>
    <None Include="Resources\edit\styledark\indentGuide.png">
      <Filter>Resource Files</Filter>
    </None>
    <None Include="Resources\edit\styledeepblue\indentGuide.png">
      <Filter>Resource Files</Filter>
    </None>
    <None Include="notepad\indentGuide.png">
      <Filter>Resource Files</Filter>
    </None>
    <None Include="Resources\img\info.png">
      <Filter>Resource Files</Filter>
    </None>
    <None Include="notepad\invisibleChar.png">
      <Filter>Resource Files</Filter>
    </None>
    <None Include="Resources\img\left3.png">
      <Filter>Resource Files</Filter>
    </None>
    <None Include="qss\lightbluestyle.qss">
      <Filter>Resource Files</Filter>
    </None>
    <None Include="mac.icns">
      <Filter>Resource Files</Filter>
    </None>
    <None Include="Resources\img\main.png">
      <Filter>Resource Files</Filter>
    </None>
    <None Include="Resources\edit\styledark\mark.png">
      <Filter>Resource Files</Filter>
    </None>
    <None Include="Resources\edit\styledeepblue\mark.png">
      <Filter>Resource Files</Filter>
    </None>
    <None Include="notepad\mark.png">
      <Filter>Resource Files</Filter>
    </None>
    <None Include="qss\mystyle.qss">
      <Filter>Resource Files</Filter>
    </None>
    <None Include="Resources\edit\global\ndd.ico">
      <Filter>Resource Files</Filter>
    </None>
    <None Include="Resources\edit\global\needsave.png">
      <Filter>Resource Files</Filter>
    </None>
    <None Include="Resources\img\needsave.png">
      <Filter>Resource Files</Filter>
    </None>
    <None Include="notepad\needsave.png">
      <Filter>Resource Files</Filter>
    </None>
    <None Include="Resources\edit\styledark\needsaveall.png">
      <Filter>Resource Files</Filter>
    </None>
    <None Include="Resources\edit\styledeepblue\needsaveall.png">
      <Filter>Resource Files</Filter>
    </None>
    <None Include="Resources\edit\styledark\needsavebar.png">
      <Filter>Resource Files</Filter>
    </None>
    <None Include="Resources\edit\styledeepblue\needsavebar.png">
      <Filter>Resource Files</Filter>
    </None>
    <None Include="notepad\newFile.png">
      <Filter>Resource Files</Filter>
    </None>
    <None Include="Resources\edit\styledark\newfile.png">
      <Filter>Resource Files</Filter>
    </None>
    <None Include="Resources\edit\styledeepblue\newfile.png">
      <Filter>Resource Files</Filter>
    </None>
    <None Include="Resources\edit\styledark\next.png">
      <Filter>Resource Files</Filter>
    </None>
    <None Include="Resources\edit\styledeepblue\next.png">
      <Filter>Resource Files</Filter>
    </None>
    <None Include="Resources\img\next.png">
      <Filter>Resource Files</Filter>
    </None>
    <None Include="notepad\next.png">
      <Filter>Resource Files</Filter>
    </None>
    <None Include="Resources\img\next2.png">
      <Filter>Resource Files</Filter>
    </None>
    <None Include="Resources\edit\global\noneedsave.png">
      <Filter>Resource Files</Filter>
    </None>
    <None Include="notepad\noneedsave.png">
      <Filter>Resource Files</Filter>
    </None>
    <None Include="Resources\edit\global\noneedsavedark.png">
      <Filter>Resource Files</Filter>
    </None>
    <None Include="Resources\edit\global\notebook.png">
      <Filter>Resource Files</Filter>
    </None>
    <None Include="Resources\img\onlyfile.png">
      <Filter>Resource Files</Filter>
    </None>
    <None Include="Resources\img\open.png">
      <Filter>Resource Files</Filter>
    </None>
    <None Include="Resources\img\open1.png">
      <Filter>Resource Files</Filter>
    </None>
    <None Include="notepad\openFile.png">
      <Filter>Resource Files</Filter>
    </None>
    <None Include="Resources\img\opendark.png">
      <Filter>Resource Files</Filter>
    </None>
    <None Include="Resources\edit\styledark\openfile.png">
      <Filter>Resource Files</Filter>
    </None>
    <None Include="Resources\edit\styledeepblue\openfile.png">
      <Filter>Resource Files</Filter>
    </None>
    <None Include="Resources\edit\styledark\paste.png">
      <Filter>Resource Files</Filter>
    </None>
    <None Include="Resources\edit\styledeepblue\paste.png">
      <Filter>Resource Files</Filter>
    </None>
    <None Include="notepad\paste.png">
      <Filter>Resource Files</Filter>
    </None>
    <None Include="Resources\img\point.png">
      <Filter>Resource Files</Filter>
    </None>
    <None Include="Resources\edit\styledark\pre.png">
      <Filter>Resource Files</Filter>
    </None>
    <None Include="Resources\edit\styledeepblue\pre.png">
      <Filter>Resource Files</Filter>
    </None>
    <None Include="Resources\img\pre.png">
      <Filter>Resource Files</Filter>
    </None>
    <None Include="notepad\pre.png">
      <Filter>Resource Files</Filter>
    </None>
    <None Include="Resources\img\pre2.png">
      <Filter>Resource Files</Filter>
    </None>
    <None Include="Resources\img\pullopen.png">
      <Filter>Resource Files</Filter>
    </None>
    <None Include="qss\psblack\radiobutton_checked.png">
      <Filter>Resource Files</Filter>
    </None>
    <None Include="qss\psblack\radiobutton_checked_disable.png">
      <Filter>Resource Files</Filter>
    </None>
    <None Include="qss\psblack\radiobutton_unchecked.png">
      <Filter>Resource Files</Filter>
    </None>
    <None Include="qss\psblack\radiobutton_unchecked_disable.png">
      <Filter>Resource Files</Filter>
    </None>
    <None Include="realcompare_zh.qm">
      <Filter>Resource Files</Filter>
    </None>
    <None Include="Resources\edit\styledark\redo.png">
      <Filter>Resource Files</Filter>
    </None>
    <None Include="Resources\edit\styledeepblue\redo.png">
      <Filter>Resource Files</Filter>
    </None>
    <None Include="Resources\img\redo.png">
      <Filter>Resource Files</Filter>
    </None>
    <None Include="notepad\redo.png">
      <Filter>Resource Files</Filter>
    </None>
    <None Include="Resources\img\refresh.png">
      <Filter>Resource Files</Filter>
    </None>
    <None Include="Resources\img\register.png">
      <Filter>Resource Files</Filter>
    </None>
    <None Include="Resources\img\reload.png">
      <Filter>Resource Files</Filter>
    </None>
    <None Include="Resources\img\reload2.png">
      <Filter>Resource Files</Filter>
    </None>
    <None Include="Resources\img\reloaddark.png">
      <Filter>Resource Files</Filter>
    </None>
    <None Include="Resources\edit\styleblack\rename.png">
      <Filter>Resource Files</Filter>
    </None>
    <None Include="Resources\edit\styledark\rename.png">
      <Filter>Resource Files</Filter>
    </None>
    <None Include="Resources\edit\styledeepblue\rename.png">
      <Filter>Resource Files</Filter>
    </None>
    <None Include="notepad\rename.png">
      <Filter>Resource Files</Filter>
    </None>
    <None Include="Resources\edit\styledark\replace.png">
      <Filter>Resource Files</Filter>
    </None>
    <None Include="Resources\edit\styledeepblue\replace.png">
      <Filter>Resource Files</Filter>
    </None>
    <None Include="Resources\img\right3.png">
      <Filter>Resource Files</Filter>
    </None>
    <None Include="notepad\rightClose.png">
      <Filter>Resource Files</Filter>
    </None>
    <None Include="Resources\img\rule.png">
      <Filter>Resource Files</Filter>
    </None>
    <None Include="Resources\img\same1.png">
      <Filter>Resource Files</Filter>
    </None>
    <None Include="Resources\img\save.png">
      <Filter>Resource Files</Filter>
    </None>
    <None Include="notepad\saveAll.png">
      <Filter>Resource Files</Filter>
    </None>
    <None Include="notepad\saveFile.png">
      <Filter>Resource Files</Filter>
    </None>
    <None Include="Resources\img\savedark.png">
      <Filter>Resource Files</Filter>
    </None>
    <None Include="notepad\savetab.png">
      <Filter>Resource Files</Filter>
    </None>
    <None Include="Resources\img\showall.png">
      <Filter>Resource Files</Filter>
    </None>
    <None Include="Resources\img\showchar.png">
      <Filter>Resource Files</Filter>
    </None>
    <None Include="Resources\edit\styledark\sign.png">
      <Filter>Resource Files</Filter>
    </None>
    <None Include="Resources\edit\styledeepblue\sign.png">
      <Filter>Resource Files</Filter>
    </None>
    <None Include="notepad\sign.png">
      <Filter>Resource Files</Filter>
    </None>
    <None Include="Resources\img\strict.png">
      <Filter>Resource Files</Filter>
    </None>
    <None Include="Resources\img\swap.png">
      <Filter>Resource Files</Filter>
    </None>
    <None Include="Resources\img\tolerant.png">
      <Filter>Resource Files</Filter>
    </None>
    <None Include="Resources\img\tran.png">
      <Filter>Resource Files</Filter>
    </None>
    <None Include="Resources\edit\styledark\transcode.png">
      <Filter>Resource Files</Filter>
    </None>
    <None Include="Resources\edit\styledeepblue\transcode.png">
      <Filter>Resource Files</Filter>
    </None>
    <None Include="Resources\edit\styledark\undo.png">
      <Filter>Resource Files</Filter>
    </None>
    <None Include="Resources\edit\styledeepblue\undo.png">
      <Filter>Resource Files</Filter>
    </None>
    <None Include="Resources\img\undo.png">
      <Filter>Resource Files</Filter>
    </None>
    <None Include="notepad\undo.png">
      <Filter>Resource Files</Filter>
    </None>
    <None Include="Resources\img\unequaldir.png">
      <Filter>Resource Files</Filter>
    </None>
    <None Include="Resources\img\unequalfile.png">
      <Filter>Resource Files</Filter>
    </None>
    <None Include="Resources\img\vip.png">
      <Filter>Resource Files</Filter>
    </None>
    <None Include="Resources\img\vipdark.png">
      <Filter>Resource Files</Filter>
    </None>
    <None Include="Resources\edit\styledark\white.png">
      <Filter>Resource Files</Filter>
    </None>
    <None Include="Resources\edit\styledeepblue\white.png">
      <Filter>Resource Files</Filter>
    </None>
    <None Include="notepad\wrap.png">
      <Filter>Resource Files</Filter>
    </None>
    <None Include="notepad\zoomIn.png">
      <Filter>Resource Files</Filter>
    </None>
    <None Include="notepad\zoomOut.png">
      <Filter>Resource Files</Filter>
    </None>
    <None Include="Resources\edit\styledark\zoomin.png">
      <Filter>Resource Files</Filter>
    </None>
    <None Include="Resources\edit\styledeepblue\zoomin.png">
      <Filter>Resource Files</Filter>
    </None>
    <None Include="Resources\img\zoomin.png">
      <Filter>Resource Files</Filter>
    </None>
    <None Include="Resources\edit\styledark\zoomout.png">
      <Filter>Resource Files</Filter>
    </None>
    <None Include="Resources\edit\styledeepblue\zoomout.png">
      <Filter>Resource Files</Filter>
    </None>
    <None Include="Resources\img\zoomout.png">
      <Filter>Resource Files</Filter>
    </None>
  </ItemGroup>
  <ItemGroup>
    <ResourceCompile Include="RealCompare.rc" />
  </ItemGroup>
</Project>